
Microsoft Visual Studio Solution File, Format Version 12.00
# Visual Studio Version 16
VisualStudioVersion = 16.0.31702.278
MinimumVisualStudioVersion = 10.0.40219.1
Project("{FAE04EC0-301F-11D3-BF4B-00C04F79EFBC}") = "Simple Calculator", "Simple Calculator\Simple Calculator.csproj", "{55A48527-B7AF-4638-82AC-E5C827D864BE}"
EndProject
Global
	GlobalSection(SolutionConfigurationPlatforms) = preSolution
		Debug|Any CPU = Debug|Any CPU
		Release|Any CPU = Release|Any CPU
	EndGlobalSection
	GlobalSection(ProjectConfigurationPlatforms) = postSolution
		{55A48527-B7AF-4638-82AC-E5C827D864BE}.Debug|Any CPU.ActiveCfg = Debug|Any CPU
		{55A48527-B7AF-4638-82AC-E5C827D864BE}.Debug|Any CPU.Build.0 = Debug|Any CPU
		{55A48527-B7AF-4638-82AC-E5C827D864BE}.Release|Any CPU.ActiveCfg = Release|Any CPU
		{55A48527-B7AF-4638-82AC-E5C827D864BE}.Release|Any CPU.Build.0 = Release|Any CPU
	EndGlobalSection
	GlobalSection(SolutionProperties) = preSolution
		HideSolutionNode = FALSE
	EndGlobalSection
	GlobalSection(ExtensibilityGlobals) = postSolution
		SolutionGuid = {FBECAA7D-4160-4F5C-AD07-1438266324C7}
	EndGlobalSection
EndGlobal
